{
  "name": "TestGuru",
  "requires": true,
  "lockfileVersion": 1,
  "dependencies": {
    "@rails/ujs": {
      "version": "7.0.2-3",
      "resolved": "https://registry.npmjs.org/@rails/ujs/-/ujs-7.0.2-3.tgz",
      "integrity": "sha512-PUGhE4lzFAbfsBcB/NWQu7VNOy2fYUmzQ9PsnZ/G/v0xviU1nadbLp1Y9KMJVxHWwHEwJKDk0+rNuttSWB1wIQ=="
    }
  }
}
